{
    "_meta": {
        "hash": {
            "sha256": "f647a2f5343b17eea786c89816212ab8ed83deb79a094ac71ed0bbc94c7e3c9f"
        },
        "pipfile-spec": 6,
        "requires": {
            "python_version": "2.7"
        },
        "sources": [
            {
                "name": "pypi",
                "url": "https://pypi.org/simple",
                "verify_ssl": true
            }
        ]
    },
    "default": {
        "nltk": {
            "hashes": [
                "sha256:286f6797204ffdb52525a1d21ec0a221ec68b8e3fa4f2d25f412ac8e63c70e8d"
            ],
            "index": "pypi",
            "version": "==3.4"
        },
        "singledispatch": {
            "hashes": [
                "sha256:5b06af87df13818d14f08a028e42f566640aef80805c3b50c5056b086e3c2b9c",
                "sha256:833b46966687b3de7f438c761ac475213e53b306740f1abfaa86e1d1aae56aa8"
            ],
            "version": "==3.4.0.3"
        },
        "six": {
            "hashes": [
                "sha256:3350809f0555b11f552448330d0b52d5f24c91a322ea4a15ef22629740f3761c",
                "sha256:d16a0141ec1a18405cd4ce8b4613101da75da0e9a7aec5bdd4fa804d0e0eba73"
            ],
            "version": "==1.12.0"
        },
        "textblob": {
            "hashes": [
                "sha256:574f30be68a5afcc9f0ccfad088394833343a611c4f0a20473622e07c02cac0f",
                "sha256:fe607b2d19b8cb490c09cc4b09e3454e08ce9860359cc3eabcc5c2f18eec856c"
            ],
            "index": "pypi",
            "version": "==0.15.2"
        }
    },
    "develop": {}
}
